{
  "name": "daisy-plugin-sdk",
  "version": "0.1.0",
  "lockfileVersion": 3,
  "requires": true,
  "packages": {
    "": {
      "name": "daisy-plugin-sdk",
      "version": "0.1.0",
      "license": "MIT",
      "dependencies": {
        "daisy-plugin-sdk": "file:daisy-plugin-sdk-0.1.0.tgz"
      },
      "engines": {
        "node": ">=20"
      }
    },
    "node_modules/daisy-plugin-sdk": {
      "version": "0.1.0",
      "resolved": "file:daisy-plugin-sdk-0.1.0.tgz",
      "integrity": "sha512-WeP88iDMqXymtmiI7LCGeZoAJhOt8+GmFaNnc2459+gielVo3EGxdPpW8KuQNgzTb6RtMHpxJJBJYuZHZt1XJQ==",
      "license": "MIT",
      "engines": {
        "node": ">=20"
      }
    }
  }
}
